{
  "name": "devops-portal-frontend",
  "version": "1.0.0",
  "lockfileVersion": 3,
  "requires": true,
  "packages": {
    "": {
      "name": "devops-portal-frontend",
      "version": "1.0.0",
      "devDependencies": {
        "oxlint": "1.10.0"
      },
      "engines": {
        "node": ">=18.0.0"
      }
    },
    "node_modules/@oxlint/darwin-arm64": {
      "version": "1.10.0",
      "resolved": "https://registry.npmjs.org/@oxlint/darwin-arm64/-/darwin-arm64-1.10.0.tgz",
      "integrity": "sha512-4rlGtx7e3T2ELAZNinHqPHla+MhHZzsSCFKca4w9WlMlx8NsCSlkxftd4cHztd4iApoACU3nA3OZ9L/nCsn2Gw==",
      "cpu": [
        "arm64"
      ],
      "dev": true,
      "optional": true,
      "os": [
        "darwin"
      ]
    },
    "node_modules/@oxlint/darwin-x64": {
      "version": "1.10.0",
      "resolved": "https://registry.npmjs.org/@oxlint/darwin-x64/-/darwin-x64-1.10.0.tgz",
      "integrity": "sha512-NUcnMPGXSmYEjn88PKIj9JzXuf0R7UgUEUtgD73xbmCIemn7J9hcpB0C3Y/rciCJaS9IYhnlNef8j9BgJP5faA==",
      "cpu": [
        "x64"
      ],
      "dev": true,
      "optional": true,
      "os": [
        "darwin"
      ]
    },
    "node_modules/@oxlint/linux-arm64-gnu": {
      "version": "1.10.0",
      "resolved": "https://registry.npmjs.org/@oxlint/linux-arm64-gnu/-/linux-arm64-gnu-1.10.0.tgz",
      "integrity": "sha512-lk3sn52txGRuZUvrJ5DuH1vzgFeesjDjDPXUXjzANx4OCFiWjf3WChdouhiP8RbaTi2UF53X5y5oceonP9smcQ==",
      "cpu": [
        "arm64"
      ],
      "dev": true,
      "optional": true,
      "os": [
        "linux"
      ]
    },
    "node_modules/@oxlint/linux-arm64-musl": {
      "version": "1.10.0",
      "resolved": "https://registry.npmjs.org/@oxlint/linux-arm64-musl/-/linux-arm64-musl-1.10.0.tgz",
      "integrity": "sha512-5bwCfCYS3dbsxa3MQLzq2sFZ0vGXpQNiu7LAU7CkgbsVmUl2vXOgAB2Qm0/Dw2JIWz9ZF47oF06nod48PEUVFw==",
      "cpu": [
        "arm64"
      ],
      "dev": true,
      "optional": true,
      "os": [
        "linux"
      ]
    },
    "node_modules/@oxlint/linux-x64-gnu": {
      "version": "1.10.0",
      "resolved": "https://registry.npmjs.org/@oxlint/linux-x64-gnu/-/linux-x64-gnu-1.10.0.tgz",
      "integrity": "sha512-x8lWCTGqAsNWLO6OLJrpaeDZ27YV7fj7BPQm4967lh0BOVAeQFMHqGXP+lBTrWs9i1vzRfUmM7JaWOWd+TsiKw==",
      "cpu": [
        "x64"
      ],
      "dev": true,
      "optional": true,
      "os": [
        "linux"
      ]
    },
    "node_modules/@oxlint/linux-x64-musl": {
      "version": "1.10.0",
      "resolved": "https://registry.npmjs.org/@oxlint/linux-x64-musl/-/linux-x64-musl-1.10.0.tgz",
      "integrity": "sha512-6u5uZMFL/yrA2rQsOxiWYoXiTYKLAVqaWYiXftPstUEfOGRJ1o1yDrN3AZ+40ucX9sntLGkc0Z9OrLHU/z1myA==",
      "cpu": [
        "x64"
      ],
      "dev": true,
      "optional": true,
      "os": [
        "linux"
      ]
    },
    "node_modules/@oxlint/win32-arm64": {
      "version": "1.10.0",
      "resolved": "https://registry.npmjs.org/@oxlint/win32-arm64/-/win32-arm64-1.10.0.tgz",
      "integrity": "sha512-mQ+zWZflyF67NjYcxQ24ID0JFb9LoHoYAcfgIXyI7N8TwWdTllDVv/+0fYTah3rxuHsLY/iCbjKvvqf5FNMeoQ==",
      "cpu": [
        "arm64"
      ],
      "dev": true,
      "optional": true,
      "os": [
        "win32"
      ]
    },
    "node_modules/@oxlint/win32-x64": {
      "version": "1.10.0",
      "resolved": "https://registry.npmjs.org/@oxlint/win32-x64/-/win32-x64-1.10.0.tgz",
      "integrity": "sha512-LsUyvSNcz6rQG9a5DfIKFRhu7qvlUWkDCmFUe8HB9XksI7sDtiGdCWBEGSCAKkji1cYlGbqLFngccdv3bGPhxw==",
      "cpu": [
        "x64"
      ],
      "dev": true,
      "optional": true,
      "os": [
        "win32"
      ]
    },
    "node_modules/oxlint": {
      "version": "1.10.0",
      "resolved": "https://registry.npmjs.org/oxlint/-/oxlint-1.10.0.tgz",
      "integrity": "sha512-9XVStkXyoOqtYp1dmHWWXzEsqZ1r6puPSQ8x0jE6wX0MWPw5WV5/ecImMAbC7Q35L/5ElHl54s4zvEDgvfuspw==",
      "dev": true,
      "bin": {
        "oxc_language_server": "bin/oxc_language_server",
        "oxlint": "bin/oxlint"
      },
      "engines": {
        "node": ">=8.*"
      },
      "funding": {
        "url": "https://github.com/sponsors/Boshen"
      },
      "optionalDependencies": {
        "@oxlint/darwin-arm64": "1.10.0",
        "@oxlint/darwin-x64": "1.10.0",
        "@oxlint/linux-arm64-gnu": "1.10.0",
        "@oxlint/linux-arm64-musl": "1.10.0",
        "@oxlint/linux-x64-gnu": "1.10.0",
        "@oxlint/linux-x64-musl": "1.10.0",
        "@oxlint/win32-arm64": "1.10.0",
        "@oxlint/win32-x64": "1.10.0"
      }
    }
  }
}
